
Microsoft Visual Studio Solution File, Format Version 12.00
# Visual Studio Version 16
VisualStudioVersion = 16.0.810.9
MinimumVisualStudioVersion = 10.0.40219.1
Project("{FAE04EC0-301F-11D3-BF4B-00C04F79EFBC}") = "PlatformService", "PlatformService.csproj", "{ADED61E4-A23D-485D-8E33-656A7A1A85DF}"
EndProject
Global
	GlobalSection(SolutionConfigurationPlatforms) = preSolution
		Debug|Any CPU = Debug|Any CPU
		Release|Any CPU = Release|Any CPU
	EndGlobalSection
	GlobalSection(ProjectConfigurationPlatforms) = postSolution
		{ADED61E4-A23D-485D-8E33-656A7A1A85DF}.Debug|Any CPU.ActiveCfg = Debug|Any CPU
		{ADED61E4-A23D-485D-8E33-656A7A1A85DF}.Debug|Any CPU.Build.0 = Debug|Any CPU
		{ADED61E4-A23D-485D-8E33-656A7A1A85DF}.Release|Any CPU.ActiveCfg = Release|Any CPU
		{ADED61E4-A23D-485D-8E33-656A7A1A85DF}.Release|Any CPU.Build.0 = Release|Any CPU
	EndGlobalSection
	GlobalSection(SolutionProperties) = preSolution
		HideSolutionNode = FALSE
	EndGlobalSection
	GlobalSection(ExtensibilityGlobals) = postSolution
		SolutionGuid = {B37072A0-1186-44A7-8A56-ABF486BE2F68}
	EndGlobalSection
EndGlobal
