
Microsoft Visual Studio Solution File, Format Version 12.00
# Visual Studio Version 16
VisualStudioVersion = 16.0.810.9
MinimumVisualStudioVersion = 10.0.40219.1
Project("{FAE04EC0-301F-11D3-BF4B-00C04F79EFBC}") = "CommandService", "CommandService.csproj", "{7BA57793-CA35-4D52-B6B1-0E6BE9C1778C}"
EndProject
Global
	GlobalSection(SolutionConfigurationPlatforms) = preSolution
		Debug|Any CPU = Debug|Any CPU
		Release|Any CPU = Release|Any CPU
	EndGlobalSection
	GlobalSection(ProjectConfigurationPlatforms) = postSolution
		{7BA57793-CA35-4D52-B6B1-0E6BE9C1778C}.Debug|Any CPU.ActiveCfg = Debug|Any CPU
		{7BA57793-CA35-4D52-B6B1-0E6BE9C1778C}.Debug|Any CPU.Build.0 = Debug|Any CPU
		{7BA57793-CA35-4D52-B6B1-0E6BE9C1778C}.Release|Any CPU.ActiveCfg = Release|Any CPU
		{7BA57793-CA35-4D52-B6B1-0E6BE9C1778C}.Release|Any CPU.Build.0 = Release|Any CPU
	EndGlobalSection
	GlobalSection(SolutionProperties) = preSolution
		HideSolutionNode = FALSE
	EndGlobalSection
	GlobalSection(ExtensibilityGlobals) = postSolution
		SolutionGuid = {C888FA40-CBDD-4697-BDF2-422D33D25499}
	EndGlobalSection
EndGlobal
